
Microsoft Visual Studio Solution File, Format Version 12.00
# Visual Studio Version 16
VisualStudioVersion = 16.0.30413.136
MinimumVisualStudioVersion = 10.0.40219.1
Project("{FAE04EC0-301F-11D3-BF4B-00C04F79EFBC}") = "ListAndFiles", "ListAndFiles\ListAndFiles.csproj", "{1DD198CE-C9C5-4D39-87E4-2DF7362AA09A}"
EndProject
Project("{FAE04EC0-301F-11D3-BF4B-00C04F79EFBC}") = "WorkingWithFiles", "WorkingWithFiles\WorkingWithFiles.csproj", "{ACF59E7C-D98D-4243-9C4C-73C3253FE9F9}"
EndProject
Global
	GlobalSection(SolutionConfigurationPlatforms) = preSolution
		Debug|Any CPU = Debug|Any CPU
		Release|Any CPU = Release|Any CPU
	EndGlobalSection
	GlobalSection(ProjectConfigurationPlatforms) = postSolution
		{1DD198CE-C9C5-4D39-87E4-2DF7362AA09A}.Debug|Any CPU.ActiveCfg = Debug|Any CPU
		{1DD198CE-C9C5-4D39-87E4-2DF7362AA09A}.Debug|Any CPU.Build.0 = Debug|Any CPU
		{1DD198CE-C9C5-4D39-87E4-2DF7362AA09A}.Release|Any CPU.ActiveCfg = Release|Any CPU
		{1DD198CE-C9C5-4D39-87E4-2DF7362AA09A}.Release|Any CPU.Build.0 = Release|Any CPU
		{ACF59E7C-D98D-4243-9C4C-73C3253FE9F9}.Debug|Any CPU.ActiveCfg = Debug|Any CPU
		{ACF59E7C-D98D-4243-9C4C-73C3253FE9F9}.Debug|Any CPU.Build.0 = Debug|Any CPU
		{ACF59E7C-D98D-4243-9C4C-73C3253FE9F9}.Release|Any CPU.ActiveCfg = Release|Any CPU
		{ACF59E7C-D98D-4243-9C4C-73C3253FE9F9}.Release|Any CPU.Build.0 = Release|Any CPU
	EndGlobalSection
	GlobalSection(SolutionProperties) = preSolution
		HideSolutionNode = FALSE
	EndGlobalSection
	GlobalSection(ExtensibilityGlobals) = postSolution
		SolutionGuid = {73B237BF-0753-4548-BFBC-8D552A7AFE05}
	EndGlobalSection
EndGlobal
